
Microsoft Visual Studio Solution File, Format Version 12.00
# Visual Studio Version 17
VisualStudioVersion = 17.3.32929.385
MinimumVisualStudioVersion = 10.0.40219.1
Project("{FAE04EC0-301F-11D3-BF4B-00C04F79EFBC}") = "Convidados", "Convidados\Convidados.csproj", "{94FB8320-7A5B-44D6-AA13-0AD2D65DEC22}"
EndProject
Global
	GlobalSection(SolutionConfigurationPlatforms) = preSolution
		Debug|Any CPU = Debug|Any CPU
		Release|Any CPU = Release|Any CPU
	EndGlobalSection
	GlobalSection(ProjectConfigurationPlatforms) = postSolution
		{94FB8320-7A5B-44D6-AA13-0AD2D65DEC22}.Debug|Any CPU.ActiveCfg = Debug|Any CPU
		{94FB8320-7A5B-44D6-AA13-0AD2D65DEC22}.Debug|Any CPU.Build.0 = Debug|Any CPU
		{94FB8320-7A5B-44D6-AA13-0AD2D65DEC22}.Release|Any CPU.ActiveCfg = Release|Any CPU
		{94FB8320-7A5B-44D6-AA13-0AD2D65DEC22}.Release|Any CPU.Build.0 = Release|Any CPU
	EndGlobalSection
	GlobalSection(SolutionProperties) = preSolution
		HideSolutionNode = FALSE
	EndGlobalSection
	GlobalSection(ExtensibilityGlobals) = postSolution
		SolutionGuid = {9C427F4E-9BCB-4ACF-BC88-A3C3D811A4F7}
	EndGlobalSection
EndGlobal
